// !$*UTF8*$!
{
	archiveVersion = 1;
	classes = {
	};
	objectVersion = 50;
	objects = {

/* Begin PBXBuildFile section */
		3E3C98A522A98D3F0012A69A /* Balls.swift in Sources */ = {isa = PBXBuildFile; fileRef = 3E3C98A422A98D3F0012A69A /* Balls.swift */; };
		3E3C98A722A98FA90012A69A /* MagicParticles.sks in Resources */ = {isa = PBXBuildFile; fileRef = 3E3C98A622A98FA80012A69A /* MagicParticles.sks */; };
		3E73D20722A7D7F00054CB65 /* FireParticles.sks in Resources */ = {isa = PBXBuildFile; fileRef = 3E73D20622A7D7F00054CB65 /* FireParticles.sks */; };
		3EC5A11222A55F84001E663F /* AppDelegate.swift in Sources */ = {isa = PBXBuildFile; fileRef = 3EC5A11122A55F84001E663F /* AppDelegate.swift */; };
		3EC5A11422A55F84001E663F /* GameScene.sks in Resources */ = {isa = PBXBuildFile; fileRef = 3EC5A11322A55F84001E663F /* GameScene.sks */; };
		3EC5A11822A55F84001E663F /* GameScene.swift in Sources */ = {isa = PBXBuildFile; fileRef = 3EC5A11722A55F84001E663F /* GameScene.swift */; };
		3EC5A11A22A55F84001E663F /* GameViewController.swift in Sources */ = {isa = PBXBuildFile; fileRef = 3EC5A11922A55F84001E663F /* GameViewController.swift */; };
		3EC5A11D22A55F84001E663F /* Main.storyboard in Resources */ = {isa = PBXBuildFile; fileRef = 3EC5A11B22A55F84001E663F /* Main.storyboard */; };
		3EC5A11F22A55F86001E663F /* Assets.xcassets in Resources */ = {isa = PBXBuildFile; fileRef = 3EC5A11E22A55F86001E663F /* Assets.xcassets */; };
		3EC5A12222A55F86001E663F /* LaunchScreen.storyboard in Resources */ = {isa = PBXBuildFile; fileRef = 3EC5A12022A55F86001E663F /* LaunchScreen.storyboard */; };
/* End PBXBuildFile section */

/* Begin PBXFileReference section */
		3E3C98A422A98D3F0012A69A /* Balls.swift */ = {isa = PBXFileReference; lastKnownFileType = sourcecode.swift; path = Balls.swift; sourceTree = "<group>"; };
		3E3C98A622A98FA80012A69A /* MagicParticles.sks */ = {isa = PBXFileReference; lastKnownFileType = file.sks; path = MagicParticles.sks; sourceTree = "<group>"; };
		3E73D20622A7D7F00054CB65 /* FireParticles.sks */ = {isa = PBXFileReference; lastKnownFileType = file.sks; name = FireParticles.sks; path = "../../HackingWithSwift-files/project11-files/Content/FireParticles.sks"; sourceTree = "<group>"; };
		3EC5A10E22A55F84001E663F /* Project_11.app */ = {isa = PBXFileReference; explicitFileType = wrapper.application; includeInIndex = 0; path = Project_11.app; sourceTree = BUILT_PRODUCTS_DIR; };
		3EC5A11122A55F84001E663F /* AppDelegate.swift */ = {isa = PBXFileReference; lastKnownFileType = sourcecode.swift; path = AppDelegate.swift; sourceTree = "<group>"; };
		3EC5A11322A55F84001E663F /* GameScene.sks */ = {isa = PBXFileReference; lastKnownFileType = file.sks; path = GameScene.sks; sourceTree = "<group>"; };
		3EC5A11722A55F84001E663F /* GameScene.swift */ = {isa = PBXFileReference; lastKnownFileType = sourcecode.swift; path = GameScene.swift; sourceTree = "<group>"; };
		3EC5A11922A55F84001E663F /* GameViewController.swift */ = {isa = PBXFileReference; lastKnownFileType = sourcecode.swift; path = GameViewController.swift; sourceTree = "<group>"; };
		3EC5A11C22A55F84001E663F /* Base */ = {isa = PBXFileReference; lastKnownFileType = file.storyboard; name = Base; path = Base.lproj/Main.storyboard; sourceTree = "<group>"; };
		3EC5A11E22A55F86001E663F /* Assets.xcassets */ = {isa = PBXFileReference; lastKnownFileType = folder.assetcatalog; path = Assets.xcassets; sourceTree = "<group>"; };
		3EC5A12122A55F86001E663F /* Base */ = {isa = PBXFileReference; lastKnownFileType = file.storyboard; name = Base; path = Base.lproj/LaunchScreen.storyboard; sourceTree = "<group>"; };
		3EC5A12322A55F86001E663F /* Info.plist */ = {isa = PBXFileReference; lastKnownFileType = text.plist.xml; path = Info.plist; sourceTree = "<group>"; };
/* End PBXFileReference section */

/* Begin PBXFrameworksBuildPhase section */
		3EC5A10B22A55F84001E663F /* Frameworks */ = {
			isa = PBXFrameworksBuildPhase;
			buildActionMask = 2147483647;
			files = (
			);
			runOnlyForDeploymentPostprocessing = 0;
		};
/* End PBXFrameworksBuildPhase section */

/* Begin PBXGroup section */
		3EC5A10522A55F84001E663F = {
			isa = PBXGroup;
			children = (
				3EC5A11022A55F84001E663F /* Project_11 */,
				3EC5A10F22A55F84001E663F /* Products */,
			);
			sourceTree = "<group>";
		};
		3EC5A10F22A55F84001E663F /* Products */ = {
			isa = PBXGroup;
			children = (
				3EC5A10E22A55F84001E663F /* Project_11.app */,
			);
			name = Products;
			sourceTree = "<group>";
		};
		3EC5A11022A55F84001E663F /* Project_11 */ = {
			isa = PBXGroup;
			children = (
				3EC5A11122A55F84001E663F /* AppDelegate.swift */,
				3EC5A11322A55F84001E663F /* GameScene.sks */,
				3EC5A11722A55F84001E663F /* GameScene.swift */,
				3E3C98A422A98D3F0012A69A /* Balls.swift */,
				3EC5A11922A55F84001E663F /* GameViewController.swift */,
				3EC5A11B22A55F84001E663F /* Main.storyboard */,
				3EC5A11E22A55F86001E663F /* Assets.xcassets */,
				3E73D20622A7D7F00054CB65 /* FireParticles.sks */,
				3E3C98A622A98FA80012A69A /* MagicParticles.sks */,
				3EC5A12022A55F86001E663F /* LaunchScreen.storyboard */,
				3EC5A12322A55F86001E663F /* Info.plist */,
			);
			path = Project_11;
			sourceTree = "<group>";
		};
/* End PBXGroup section */

/* Begin PBXNativeTarget section */
		3EC5A10D22A55F84001E663F /* Project_11 */ = {
			isa = PBXNativeTarget;
			buildConfigurationList = 3EC5A12622A55F86001E663F /* Build configuration list for PBXNativeTarget "Project_11" */;
			buildPhases = (
				3EC5A10A22A55F84001E663F /* Sources */,
				3EC5A10B22A55F84001E663F /* Frameworks */,
				3EC5A10C22A55F84001E663F /* Resources */,
			);
			buildRules = (
			);
			dependencies = (
			);
			name = Project_11;
			productName = Project_11;
			productReference = 3EC5A10E22A55F84001E663F /* Project_11.app */;
			productType = "com.apple.product-type.application";
		};
/* End PBXNativeTarget section */

/* Begin PBXProject section */
		3EC5A10622A55F84001E663F /* Project object */ = {
			isa = PBXProject;
			attributes = {
				LastSwiftUpdateCheck = 1020;
				LastUpgradeCheck = 1020;
				ORGANIZATIONNAME = "Owen Henley";
				TargetAttributes = {
					3EC5A10D22A55F84001E663F = {
						CreatedOnToolsVersion = 10.2.1;
					};
				};
			};
			buildConfigurationList = 3EC5A10922A55F84001E663F /* Build configuration list for PBXProject "Project_11" */;
			compatibilityVersion = "Xcode 9.3";
			developmentRegion = en;
			hasScannedForEncodings = 0;
			knownRegions = (
				en,
				Base,
			);
			mainGroup = 3EC5A10522A55F84001E663F;
			productRefGroup = 3EC5A10F22A55F84001E663F /* Products */;
			projectDirPath = "";
			projectRoot = "";
			targets = (
				3EC5A10D22A55F84001E663F /* Project_11 */,
			);
		};
/* End PBXProject section */

/* Begin PBXResourcesBuildPhase section */
		3EC5A10C22A55F84001E663F /* Resources */ = {
			isa = PBXResourcesBuildPhase;
			buildActionMask = 2147483647;
			files = (
				3EC5A11D22A55F84001E663F /* Main.storyboard in Resources */,
				3EC5A11422A55F84001E663F /* GameScene.sks in Resources */,
				3E73D20722A7D7F00054CB65 /* FireParticles.sks in Resources */,
				3E3C98A722A98FA90012A69A /* MagicParticles.sks in Resources */,
				3EC5A11F22A55F86001E663F /* Assets.xcassets in Resources */,
				3EC5A12222A55F86001E663F /* LaunchScreen.storyboard in Resources */,
			);
			runOnlyForDeploymentPostprocessing = 0;
		};
/* End PBXResourcesBuildPhase section */

/* Begin PBXSourcesBuildPhase section */
		3EC5A10A22A55F84001E663F /* Sources */ = {
			isa = PBXSourcesBuildPhase;
			buildActionMask = 2147483647;
			files = (
				3E3C98A522A98D3F0012A69A /* Balls.swift in Sources */,
				3EC5A11822A55F84001E663F /* GameScene.swift in Sources */,
				3EC5A11A22A55F84001E663F /* GameViewController.swift in Sources */,
				3EC5A11222A55F84001E663F /* AppDelegate.swift in Sources */,
			);
			runOnlyForDeploymentPostprocessing = 0;
		};
/* End PBXSourcesBuildPhase section */

/* Begin PBXVariantGroup section */
		3EC5A11B22A55F84001E663F /* Main.storyboard */ = {
			isa = PBXVariantGroup;
			children = (
				3EC5A11C22A55F84001E663F /* Base */,
			);
			name = Main.storyboard;
			sourceTree = "<group>";
		};
		3EC5A12022A55F86001E663F /* LaunchScreen.storyboard */ = {
			isa = PBXVariantGroup;
			children = (
				3EC5A12122A55F86001E663F /* Base */,
			);
			name = LaunchScreen.storyboard;
			sourceTree = "<group>";
		};
/* End PBXVariantGroup section */

/* Begin XCBuildConfiguration section */
		3EC5A12422A55F86001E663F /* Debug */ = {
			isa = XCBuildConfiguration;
			buildSettings = {
				ALWAYS_SEARCH_USER_PATHS = NO;
				CLANG_ANALYZER_NONNULL = YES;
				CLANG_ANALYZER_NUMBER_OBJECT_CONVERSION = YES_AGGRESSIVE;
				CLANG_CXX_LANGUAGE_STANDARD = "gnu++14";
				CLANG_CXX_LIBRARY = "libc++";
				CLANG_ENABLE_MODULES = YES;
				CLANG_ENABLE_OBJC_ARC = YES;
				CLANG_ENABLE_OBJC_WEAK = YES;
				CLANG_WARN_BLOCK_CAPTURE_AUTORELEASING = YES;
				CLANG_WARN_BOOL_CONVERSION = YES;
				CLANG_WARN_COMMA = YES;
				CLANG_WARN_CONSTANT_CONVERSION = YES;
				CLANG_WARN_DEPRECATED_OBJC_IMPLEMENTATIONS = YES;
				CLANG_WARN_DIRECT_OBJC_ISA_USAGE = YES_ERROR;
				CLANG_WARN_DOCUMENTATION_COMMENTS = YES;
				CLANG_WARN_EMPTY_BODY = YES;
				CLANG_WARN_ENUM_CONVERSION = YES;
				CLANG_WARN_INFINITE_RECURSION = YES;
				CLANG_WARN_INT_CONVERSION = YES;
				CLANG_WARN_NON_LITERAL_NULL_CONVERSION = YES;
				CLANG_WARN_OBJC_IMPLICIT_RETAIN_SELF = YES;
				CLANG_WARN_OBJC_LITERAL_CONVERSION = YES;
				CLANG_WARN_OBJC_ROOT_CLASS = YES_ERROR;
				CLANG_WARN_RANGE_LOOP_ANALYSIS = YES;
				CLANG_WARN_STRICT_PROTOTYPES = YES;
				CLANG_WARN_SUSPICIOUS_MOVE = YES;
				CLANG_WARN_UNGUARDED_AVAILABILITY = YES_AGGRESSIVE;
				CLANG_WARN_UNREACHABLE_CODE = YES;
				CLANG_WARN__DUPLICATE_METHOD_MATCH = YES;
				CODE_SIGN_IDENTITY = "iPhone Developer";
				COPY_PHASE_STRIP = NO;
				DEBUG_INFORMATION_FORMAT = dwarf;
				ENABLE_STRICT_OBJC_MSGSEND = YES;
				ENABLE_TESTABILITY = YES;
				GCC_C_LANGUAGE_STANDARD = gnu11;
				GCC_DYNAMIC_NO_PIC = NO;
				GCC_NO_COMMON_BLOCKS = YES;
				GCC_OPTIMIZATION_LEVEL = 0;
				GCC_PREPROCESSOR_DEFINITIONS = (
					"DEBUG=1",
					"$(inherited)",
				);
				GCC_WARN_64_TO_32_BIT_CONVERSION = YES;
				GCC_WARN_ABOUT_RETURN_TYPE = YES_ERROR;
				GCC_WARN_UNDECLARED_SELECTOR = YES;
				GCC_WARN_UNINITIALIZED_AUTOS = YES_AGGRESSIVE;
				GCC_WARN_UNUSED_FUNCTION = YES;
				GCC_WARN_UNUSED_VARIABLE = YES;
				IPHONEOS_DEPLOYMENT_TARGET = 12.2;
				MTL_ENABLE_DEBUG_INFO = INCLUDE_SOURCE;
				MTL_FAST_MATH = YES;
				ONLY_ACTIVE_ARCH = YES;
				SDKROOT = iphoneos;
				SWIFT_ACTIVE_COMPILATION_CONDITIONS = DEBUG;
				SWIFT_OPTIMIZATION_LEVEL = "-Onone";
			};
			name = Debug;
		};
		3EC5A12522A55F86001E663F /* Release */ = {
			isa = XCBuildConfiguration;
			buildSettings = {
				ALWAYS_SEARCH_USER_PATHS = NO;
				CLANG_ANALYZER_NONNULL = YES;
				CLANG_ANALYZER_NUMBER_OBJECT_CONVERSION = YES_AGGRESSIVE;
				CLANG_CXX_LANGUAGE_STANDARD = "gnu++14";
				CLANG_CXX_LIBRARY = "libc++";
				CLANG_ENABLE_MODULES = YES;
				CLANG_ENABLE_OBJC_ARC = YES;
				CLANG_ENABLE_OBJC_WEAK = YES;
				CLANG_WARN_BLOCK_CAPTURE_AUTORELEASING = YES;
				CLANG_WARN_BOOL_CONVERSION = YES;
				CLANG_WARN_COMMA = YES;
				CLANG_WARN_CONSTANT_CONVERSION = YES;
				CLANG_WARN_DEPRECATED_OBJC_IMPLEMENTATIONS = YES;
				CLANG_WARN_DIRECT_OBJC_ISA_USAGE = YES_ERROR;
				CLANG_WARN_DOCUMENTATION_COMMENTS = YES;
				CLANG_WARN_EMPTY_BODY = YES;
				CLANG_WARN_ENUM_CONVERSION = YES;
				CLANG_WARN_INFINITE_RECURSION = YES;
				CLANG_WARN_INT_CONVERSION = YES;
				CLANG_WARN_NON_LITERAL_NULL_CONVERSION = YES;
				CLANG_WARN_OBJC_IMPLICIT_RETAIN_SELF = YES;
				CLANG_WARN_OBJC_LITERAL_CONVERSION = YES;
				CLANG_WARN_OBJC_ROOT_CLASS = YES_ERROR;
				CLANG_WARN_RANGE_LOOP_ANALYSIS = YES;
				CLANG_WARN_STRICT_PROTOTYPES = YES;
				CLANG_WARN_SUSPICIOUS_MOVE = YES;
				CLANG_WARN_UNGUARDED_AVAILABILITY = YES_AGGRESSIVE;
				CLANG_WARN_UNREACHABLE_CODE = YES;
				CLANG_WARN__DUPLICATE_METHOD_MATCH = YES;
				CODE_SIGN_IDENTITY = "iPhone Developer";
				COPY_PHASE_STRIP = NO;
				DEBUG_INFORMATION_FORMAT = "dwarf-with-dsym";
				ENABLE_NS_ASSERTIONS = NO;
				ENABLE_STRICT_OBJC_MSGSEND = YES;
				GCC_C_LANGUAGE_STANDARD = gnu11;
				GCC_NO_COMMON_BLOCKS = YES;
				GCC_WARN_64_TO_32_BIT_CONVERSION = YES;
				GCC_WARN_ABOUT_RETURN_TYPE = YES_ERROR;
				GCC_WARN_UNDECLARED_SELECTOR = YES;
				GCC_WARN_UNINITIALIZED_AUTOS = YES_AGGRESSIVE;
				GCC_WARN_UNUSED_FUNCTION = YES;
				GCC_WARN_UNUSED_VARIABLE = YES;
				IPHONEOS_DEPLOYMENT_TARGET = 12.2;
				MTL_ENABLE_DEBUG_INFO = NO;
				MTL_FAST_MATH = YES;
				SDKROOT = iphoneos;
				SWIFT_COMPILATION_MODE = wholemodule;
				SWIFT_OPTIMIZATION_LEVEL = "-O";
				VALIDATE_PRODUCT = YES;
			};
			name = Release;
		};
		3EC5A12722A55F86001E663F /* Debug */ = {
			isa = XCBuildConfiguration;
			buildSettings = {
				ASSETCATALOG_COMPILER_APPICON_NAME = AppIcon;
				CODE_SIGN_STYLE = Automatic;
				DEVELOPMENT_TEAM = CYZA2EE6W8;
				INFOPLIST_FILE = Project_11/Info.plist;
				IPHONEOS_DEPLOYMENT_TARGET = 12.0;
				LD_RUNPATH_SEARCH_PATHS = (
					"$(inherited)",
					"@executable_path/Frameworks",
				);
				PRODUCT_BUNDLE_IDENTIFIER = "io.owenhenley.Project-11";
				PRODUCT_NAME = "$(TARGET_NAME)";
				SWIFT_VERSION = 5.0;
				TARGETED_DEVICE_FAMILY = 2;
			};
			name = Debug;
		};
		3EC5A12822A55F86001E663F /* Release */ = {
			isa = XCBuildConfiguration;
			buildSettings = {
				ASSETCATALOG_COMPILER_APPICON_NAME = AppIcon;
				CODE_SIGN_STYLE = Automatic;
				DEVELOPMENT_TEAM = CYZA2EE6W8;
				INFOPLIST_FILE = Project_11/Info.plist;
				IPHONEOS_DEPLOYMENT_TARGET = 12.0;
				LD_RUNPATH_SEARCH_PATHS = (
					"$(inherited)",
					"@executable_path/Frameworks",
				);
				PRODUCT_BUNDLE_IDENTIFIER = "io.owenhenley.Project-11";
				PRODUCT_NAME = "$(TARGET_NAME)";
				SWIFT_VERSION = 5.0;
				TARGETED_DEVICE_FAMILY = 2;
			};
			name = Release;
		};
/* End XCBuildConfiguration section */

/* Begin XCConfigurationList section */
		3EC5A10922A55F84001E663F /* Build configuration list for PBXProject "Project_11" */ = {
			isa = XCConfigurationList;
			buildConfigurations = (
				3EC5A12422A55F86001E663F /* Debug */,
				3EC5A12522A55F86001E663F /* Release */,
			);
			defaultConfigurationIsVisible = 0;
			defaultConfigurationName = Release;
		};
		3EC5A12622A55F86001E663F /* Build configuration list for PBXNativeTarget "Project_11" */ = {
			isa = XCConfigurationList;
			buildConfigurations = (
				3EC5A12722A55F86001E663F /* Debug */,
				3EC5A12822A55F86001E663F /* Release */,
			);
			defaultConfigurationIsVisible = 0;
			defaultConfigurationName = Release;
		};
/* End XCConfigurationList section */
	};
	rootObject = 3EC5A10622A55F84001E663F /* Project object */;
}
